// !$*UTF8*$!
{
	archiveVersion = 1;
	classes = {
	};
	objectVersion = 56;
	objects = {

/* Begin PBXBuildFile section */
		AA000004 /* cache_res.unity3d in Resources */ = {isa = PBXBuildFile; fileRef = AA000016 /* cache_res.unity3d */; };
		AA000001 /* FreeFireMaxProxyUIApp.swift in Sources */ = {isa = PBXBuildFile; fileRef = AA000011 /* FreeFireMaxProxyUIApp.swift */; };
		AA000002 /* ContentView.swift in Sources */ = {isa = PBXBuildFile; fileRef = AA000012 /* ContentView.swift */; };
		AA000003 /* FFIcon.imageset in Resources */ = {isa = PBXBuildFile; fileRef = AA000013 /* FFIcon.imageset */; };
/* End PBXBuildFile section */

/* Begin PBXFileReference section */
		AA000010 /* FreeFireMaxProxyUI.app */ = {isa = PBXFileReference; explicitFileType = wrapper.application; includeInIndex = 0; path = FreeFireMaxProxyUI.app; sourceTree = BUILT_PRODUCTS_DIR; };
		AA000011 /* FreeFireMaxProxyUIApp.swift */ = {isa = PBXFileReference; lastKnownFileType = sourcecode.swift; path = FreeFireMaxProxyUIApp.swift; sourceTree = "<group>"; };
		AA000012 /* ContentView.swift */ = {isa = PBXFileReference; lastKnownFileType = sourcecode.swift; path = ContentView.swift; sourceTree = "<group>"; };
		AA000013 /* FFIcon.imageset */ = {isa = PBXFileReference; lastKnownFileType = folder.assetcatalog; path = FFIcon.imageset; sourceTree = "<group>"; };
		AA000014 /* Assets.xcassets */ = {isa = PBXFileReference; lastKnownFileType = folder.assetcatalog; path = Assets.xcassets; sourceTree = "<group>"; };
		AA000015 /* Info.plist */ = {isa = PBXFileReference; lastKnownFileType = text.plist.xml; path = Info.plist; sourceTree = "<group>"; };
		AA000016 /* cache_res.unity3d */ = {isa = PBXFileReference; lastKnownFileType = file; path = cache_res.unity3d; sourceTree = "<group>"; };
/* End PBXFileReference section */

/* Begin PBXFrameworksBuildPhase section */
		AA000020 /* Frameworks */ = {
			isa = PBXFrameworksBuildPhase;
			buildActionMask = 2147483647;
			files = (
			);
			runOnlyForDeploymentPostprocessing = 0;
		};
/* End PBXFrameworksBuildPhase section */

/* Begin PBXGroup section */
		AA000030 = {
			isa = PBXGroup;
			children = (
				AA000011 /* FreeFireMaxProxyUIApp.swift */,
				AA000012 /* ContentView.swift */,
				AA000014 /* Assets.xcassets */,
				AA000015 /* Info.plist */,
				AA000016 /* cache_res.unity3d */,
			);
			path = FreeFireMaxProxyUI;
			sourceTree = "<group>";
		};
		AA000031 = {
			isa = PBXGroup;
			children = (
				AA000030,
			);
			sourceTree = "<group>";
		};
		AA000032 /* Products */ = {
			isa = PBXGroup;
			children = (
				AA000010 /* FreeFireMaxProxyUI.app */,
			);
			name = Products;
			sourceTree = "<group>";
		};
/* End PBXGroup section */

/* Begin PBXNativeTarget section */
		AA000040 /* FreeFireMaxProxyUI */ = {
			isa = PBXNativeTarget;
			buildConfigurationList = AA000060 /* Build configuration list for PBXNativeTarget "FreeFireMaxProxyUI" */;
			buildPhases = (
				AA000041 /* Sources */,
				AA000020 /* Frameworks */,
				AA000042 /* Resources */,
			);
			buildRules = (
			);
			dependencies = (
			);
			name = FreeFireMaxProxyUI;
			productName = FreeFireMaxProxyUI;
			productReference = AA000010 /* FreeFireMaxProxyUI.app */;
			productType = "com.apple.product-type.application";
		};
/* End PBXNativeTarget section */

/* Begin PBXProject section */
		AA000050 /* Project object */ = {
			isa = PBXProject;
			attributes = {
				LastSwiftUpdateCheck = 2600;
				LastUpgradeCheck = 2600;
				TargetAttributes = {
					AA000040 = {
						CreatedOnToolsVersion = 26.0;
					};
				};
			};
			buildConfigurationList = AA000059 /* Build configuration list for PBXProject "FreeFireMaxProxyUI" */;
			compatibilityVersion = "Xcode 15.0";
			developmentRegion = en;
			hasScannedForEncodings = 0;
			knownRegions = (
				en,
				vi,
				Base,
			);
			mainGroup = AA000031;
			productRefGroup = AA000032 /* Products */;
			projectDirPath = "";
			projectRoot = "";
			targets = (
				AA000040 /* FreeFireMaxProxyUI */,
			);
		};
/* End PBXProject section */

/* Begin PBXResourcesBuildPhase section */
		AA000042 /* Resources */ = {
			isa = PBXResourcesBuildPhase;
			buildActionMask = 2147483647;
			files = (
				AA000003 /* FFIcon.imageset in Resources */,
				AA000004 /* cache_res.unity3d in Resources */,
			);
			runOnlyForDeploymentPostprocessing = 0;
		};
/* End PBXResourcesBuildPhase section */

/* Begin PBXSourcesBuildPhase section */
		AA000041 /* Sources */ = {
			isa = PBXSourcesBuildPhase;
			buildActionMask = 2147483647;
			files = (
				AA000001 /* FreeFireMaxProxyUIApp.swift in Sources */,
				AA000002 /* ContentView.swift in Sources */,
			);
			runOnlyForDeploymentPostprocessing = 0;
		};
/* End PBXSourcesBuildPhase section */

/* Begin XCBuildConfiguration section */
		AA000070 /* Debug */ = {
			isa = XCBuildConfiguration;
			buildSettings = {
				ALWAYS_SEARCH_USER_PATHS = NO;
				ASSETCATALOG_COMPILER_APPICON_NAME = "";
				CLANG_ENABLE_MODULES = YES;
				CODE_SIGN_STYLE = Automatic;
				DEVELOPMENT_TEAM = "";
				INFOPLIST_FILE = FreeFireMaxProxyUI/Info.plist;
				IPHONEOS_DEPLOYMENT_TARGET = 16.0;
				LD_RUNPATH_SEARCH_PATHS = "$(inherited) @executable_path/Frameworks";
				PRODUCT_BUNDLE_IDENTIFIER = "com.example.FreeFireMaxProxyUI";
				PRODUCT_NAME = "$(TARGET_NAME)";
				SWIFT_VERSION = 5.0;
				TARGETED_DEVICE_FAMILY = "1,2";
			};
			name = Debug;
		};
		AA000071 /* Release */ = {
			isa = XCBuildConfiguration;
			buildSettings = {
				ALWAYS_SEARCH_USER_PATHS = NO;
				ASSETCATALOG_COMPILER_APPICON_NAME = "";
				CLANG_ENABLE_MODULES = YES;
				CODE_SIGN_STYLE = Automatic;
				DEVELOPMENT_TEAM = "";
				INFOPLIST_FILE = FreeFireMaxProxyUI/Info.plist;
				IPHONEOS_DEPLOYMENT_TARGET = 16.0;
				LD_RUNPATH_SEARCH_PATHS = "$(inherited) @executable_path/Frameworks";
				PRODUCT_BUNDLE_IDENTIFIER = "com.example.FreeFireMaxProxyUI";
				PRODUCT_NAME = "$(TARGET_NAME)";
				SWIFT_VERSION = 5.0;
				TARGETED_DEVICE_FAMILY = "1,2";
			};
			name = Release;
		};
		AA000080 /* Debug */ = {
			isa = XCBuildConfiguration;
			buildSettings = {
				ALWAYS_SEARCH_USER_PATHS = NO;
				CLANG_ENABLE_MODULES = YES;
				SDKROOT = iphoneos;
			};
			name = Debug;
		};
		AA000081 /* Release */ = {
			isa = XCBuildConfiguration;
			buildSettings = {
				ALWAYS_SEARCH_USER_PATHS = NO;
				CLANG_ENABLE_MODULES = YES;
				SDKROOT = iphoneos;
			};
			name = Release;
		};
/* End XCBuildConfiguration section */

/* Begin XCConfigurationList section */
		AA000059 /* Build configuration list for PBXProject "FreeFireMaxProxyUI" */ = {
			isa = XCConfigurationList;
			buildConfigurations = (
				AA000080 /* Debug */,
				AA000081 /* Release */,
			);
			defaultConfigurationIsVisible = 0;
			defaultConfigurationName = Release;
		};
		AA000060 /* Build configuration list for PBXNativeTarget "FreeFireMaxProxyUI" */ = {
			isa = XCConfigurationList;
			buildConfigurations = (
				AA000070 /* Debug */,
				AA000071 /* Release */,
			);
			defaultConfigurationIsVisible = 0;
			defaultConfigurationName = Release;
		};
/* End XCConfigurationList section */
	};
	rootObject = AA000050 /* Project object */;
}